
Microsoft Visual Studio Solution File, Format Version 12.00
# Visual Studio Version 17
VisualStudioVersion = 17.4.33110.190
MinimumVisualStudioVersion = 10.0.40219.1
Project("{9A19103F-16F7-4668-BE54-9A1E7A4F7556}") = "MyRide", "MyRide\MyRide.csproj", "{860A5807-2410-4B10-A0BF-15FC99D1C1E0}"
EndProject
Project("{9A19103F-16F7-4668-BE54-9A1E7A4F7556}") = "Driver", "Driver\Driver.csproj", "{02112181-7C38-489C-9AFC-DE7DF01BDB3A}"
EndProject
Project("{9A19103F-16F7-4668-BE54-9A1E7A4F7556}") = "Admin", "Admin\Admin.csproj", "{B92BCED3-1CEA-45B1-823D-1B94D71AE0AC}"
EndProject
Project("{9A19103F-16F7-4668-BE54-9A1E7A4F7556}") = "Location", "Location\Location.csproj", "{EFC1CFE6-0D53-453E-B9D6-C420E44CF1D2}"
EndProject
Project("{9A19103F-16F7-4668-BE54-9A1E7A4F7556}") = "Vehicle", "Vehicle\Vehicle.csproj", "{2EEB046F-6646-4AB5-9189-B812AE6B6E6B}"
EndProject
Project("{9A19103F-16F7-4668-BE54-9A1E7A4F7556}") = "Passenger", "Passenger\Passenger.csproj", "{7973546C-9502-467F-8320-D51DD15D6947}"
EndProject
Project("{9A19103F-16F7-4668-BE54-9A1E7A4F7556}") = "Ride", "Ride\Ride.csproj", "{321F07AE-E62C-4461-800A-870F44EBD6D5}"
EndProject
Global
	GlobalSection(SolutionConfigurationPlatforms) = preSolution
		Debug|Any CPU = Debug|Any CPU
		Release|Any CPU = Release|Any CPU
	EndGlobalSection
	GlobalSection(ProjectConfigurationPlatforms) = postSolution
		{860A5807-2410-4B10-A0BF-15FC99D1C1E0}.Debug|Any CPU.ActiveCfg = Debug|Any CPU
		{860A5807-2410-4B10-A0BF-15FC99D1C1E0}.Debug|Any CPU.Build.0 = Debug|Any CPU
		{860A5807-2410-4B10-A0BF-15FC99D1C1E0}.Release|Any CPU.ActiveCfg = Release|Any CPU
		{860A5807-2410-4B10-A0BF-15FC99D1C1E0}.Release|Any CPU.Build.0 = Release|Any CPU
		{02112181-7C38-489C-9AFC-DE7DF01BDB3A}.Debug|Any CPU.ActiveCfg = Debug|Any CPU
		{02112181-7C38-489C-9AFC-DE7DF01BDB3A}.Debug|Any CPU.Build.0 = Debug|Any CPU
		{02112181-7C38-489C-9AFC-DE7DF01BDB3A}.Release|Any CPU.ActiveCfg = Release|Any CPU
		{02112181-7C38-489C-9AFC-DE7DF01BDB3A}.Release|Any CPU.Build.0 = Release|Any CPU
		{B92BCED3-1CEA-45B1-823D-1B94D71AE0AC}.Debug|Any CPU.ActiveCfg = Debug|Any CPU
		{B92BCED3-1CEA-45B1-823D-1B94D71AE0AC}.Debug|Any CPU.Build.0 = Debug|Any CPU
		{B92BCED3-1CEA-45B1-823D-1B94D71AE0AC}.Release|Any CPU.ActiveCfg = Release|Any CPU
		{B92BCED3-1CEA-45B1-823D-1B94D71AE0AC}.Release|Any CPU.Build.0 = Release|Any CPU
		{EFC1CFE6-0D53-453E-B9D6-C420E44CF1D2}.Debug|Any CPU.ActiveCfg = Debug|Any CPU
		{EFC1CFE6-0D53-453E-B9D6-C420E44CF1D2}.Debug|Any CPU.Build.0 = Debug|Any CPU
		{EFC1CFE6-0D53-453E-B9D6-C420E44CF1D2}.Release|Any CPU.ActiveCfg = Release|Any CPU
		{EFC1CFE6-0D53-453E-B9D6-C420E44CF1D2}.Release|Any CPU.Build.0 = Release|Any CPU
		{2EEB046F-6646-4AB5-9189-B812AE6B6E6B}.Debug|Any CPU.ActiveCfg = Debug|Any CPU
		{2EEB046F-6646-4AB5-9189-B812AE6B6E6B}.Debug|Any CPU.Build.0 = Debug|Any CPU
		{2EEB046F-6646-4AB5-9189-B812AE6B6E6B}.Release|Any CPU.ActiveCfg = Release|Any CPU
		{2EEB046F-6646-4AB5-9189-B812AE6B6E6B}.Release|Any CPU.Build.0 = Release|Any CPU
		{7973546C-9502-467F-8320-D51DD15D6947}.Debug|Any CPU.ActiveCfg = Debug|Any CPU
		{7973546C-9502-467F-8320-D51DD15D6947}.Debug|Any CPU.Build.0 = Debug|Any CPU
		{7973546C-9502-467F-8320-D51DD15D6947}.Release|Any CPU.ActiveCfg = Release|Any CPU
		{7973546C-9502-467F-8320-D51DD15D6947}.Release|Any CPU.Build.0 = Release|Any CPU
		{321F07AE-E62C-4461-800A-870F44EBD6D5}.Debug|Any CPU.ActiveCfg = Debug|Any CPU
		{321F07AE-E62C-4461-800A-870F44EBD6D5}.Debug|Any CPU.Build.0 = Debug|Any CPU
		{321F07AE-E62C-4461-800A-870F44EBD6D5}.Release|Any CPU.ActiveCfg = Release|Any CPU
		{321F07AE-E62C-4461-800A-870F44EBD6D5}.Release|Any CPU.Build.0 = Release|Any CPU
	EndGlobalSection
	GlobalSection(SolutionProperties) = preSolution
		HideSolutionNode = FALSE
	EndGlobalSection
	GlobalSection(ExtensibilityGlobals) = postSolution
		SolutionGuid = {3BEAEFF9-BEC1-4B75-8AC7-102B15F8F4E5}
	EndGlobalSection
EndGlobal
